
Microsoft Visual Studio Solution File, Format Version 12.00
# Visual Studio Express 2013 for Windows Desktop
VisualStudioVersion = 12.0.21005.1
MinimumVisualStudioVersion = 10.0.40219.1
Project("{FAE04EC0-301F-11D3-BF4B-00C04F79EFBC}") = "View", "View\View.csproj", "{7E408BD8-C77D-4548-B18F-FDF90F948810}"
EndProject
Project("{FAE04EC0-301F-11D3-BF4B-00C04F79EFBC}") = "Model", "Model\Model.csproj", "{4BAC3A18-4676-4EBC-9AC3-A2D775A68A4A}"
EndProject
Project("{FAE04EC0-301F-11D3-BF4B-00C04F79EFBC}") = "Controller", "Controller\Controller.csproj", "{3CF2467B-30D5-4E60-9A61-1FA039D6D969}"
EndProject
Global
	GlobalSection(SolutionConfigurationPlatforms) = preSolution
		Debug|Any CPU = Debug|Any CPU
		Release|Any CPU = Release|Any CPU
	EndGlobalSection
	GlobalSection(ProjectConfigurationPlatforms) = postSolution
		{7E408BD8-C77D-4548-B18F-FDF90F948810}.Debug|Any CPU.ActiveCfg = Debug|Any CPU
		{7E408BD8-C77D-4548-B18F-FDF90F948810}.Debug|Any CPU.Build.0 = Debug|Any CPU
		{7E408BD8-C77D-4548-B18F-FDF90F948810}.Release|Any CPU.ActiveCfg = Release|Any CPU
		{7E408BD8-C77D-4548-B18F-FDF90F948810}.Release|Any CPU.Build.0 = Release|Any CPU
		{4BAC3A18-4676-4EBC-9AC3-A2D775A68A4A}.Debug|Any CPU.ActiveCfg = Debug|Any CPU
		{4BAC3A18-4676-4EBC-9AC3-A2D775A68A4A}.Debug|Any CPU.Build.0 = Debug|Any CPU
		{4BAC3A18-4676-4EBC-9AC3-A2D775A68A4A}.Release|Any CPU.ActiveCfg = Release|Any CPU
		{4BAC3A18-4676-4EBC-9AC3-A2D775A68A4A}.Release|Any CPU.Build.0 = Release|Any CPU
		{3CF2467B-30D5-4E60-9A61-1FA039D6D969}.Debug|Any CPU.ActiveCfg = Debug|Any CPU
		{3CF2467B-30D5-4E60-9A61-1FA039D6D969}.Debug|Any CPU.Build.0 = Debug|Any CPU
		{3CF2467B-30D5-4E60-9A61-1FA039D6D969}.Release|Any CPU.ActiveCfg = Release|Any CPU
		{3CF2467B-30D5-4E60-9A61-1FA039D6D969}.Release|Any CPU.Build.0 = Release|Any CPU
	EndGlobalSection
	GlobalSection(SolutionProperties) = preSolution
		HideSolutionNode = FALSE
	EndGlobalSection
EndGlobal
